
Microsoft Visual Studio Solution File, Format Version 12.00
# Visual Studio 14
VisualStudioVersion = 14.0.25420.1
MinimumVisualStudioVersion = 10.0.40219.1
Project("{FAE04EC0-301F-11D3-BF4B-00C04F79EFBC}") = "SmartHome", "SmartHome\SmartHome.csproj", "{D251806C-9987-478B-80B3-48C00D60AB8F}"
	ProjectSection(ProjectDependencies) = postProject
		{8F2DDB04-AB6D-4B59-90B4-FB0B5CF6BB12} = {8F2DDB04-AB6D-4B59-90B4-FB0B5CF6BB12}
		{F11D3D58-6B31-4E40-9944-02D1E77DDAF8} = {F11D3D58-6B31-4E40-9944-02D1E77DDAF8}
		{5D83A97A-EA26-4C49-92E5-598C38C8C276} = {5D83A97A-EA26-4C49-92E5-598C38C8C276}
	EndProjectSection
EndProject
Project("{FAE04EC0-301F-11D3-BF4B-00C04F79EFBC}") = "SmartMote.Droid", "SmartMote\SmartMote.Droid\SmartMote.Droid.csproj", "{F7E773BC-37A3-4C6A-8DCE-71577C38663B}"
	ProjectSection(ProjectDependencies) = postProject
		{8F2DDB04-AB6D-4B59-90B4-FB0B5CF6BB12} = {8F2DDB04-AB6D-4B59-90B4-FB0B5CF6BB12}
		{67F9D3A8-F71E-4428-913F-C37AE82CDB24} = {67F9D3A8-F71E-4428-913F-C37AE82CDB24}
	EndProjectSection
EndProject
Project("{FAE04EC0-301F-11D3-BF4B-00C04F79EFBC}") = "SmartMote.iOS", "SmartMote\SmartMote.iOS\SmartMote.iOS.csproj", "{21E6A94D-B8EE-4FF8-A93F-E9DEBE73330B}"
EndProject
Project("{FAE04EC0-301F-11D3-BF4B-00C04F79EFBC}") = "SmartMote.WinPhone", "SmartMote\SmartMote.WinPhone\SmartMote.WinPhone.csproj", "{4F5CBA06-15EA-4A6A-B8B8-04D2D1093BD7}"
EndProject
Project("{FAE04EC0-301F-11D3-BF4B-00C04F79EFBC}") = "SmartMote.UWP", "SmartMote\SmartMote.UWP\SmartMote.UWP.csproj", "{9E6784C7-9345-4F4D-97B0-4BCB7FE55784}"
EndProject
Project("{FAE04EC0-301F-11D3-BF4B-00C04F79EFBC}") = "SmartMote.Windows", "SmartMote\SmartMote.Windows\SmartMote.Windows.csproj", "{0637C44D-CC87-487E-9B57-3D0BFCEDB065}"
EndProject
Project("{FAE04EC0-301F-11D3-BF4B-00C04F79EFBC}") = "SmartMote", "SmartMote\SmartMote\SmartMote.csproj", "{FEF21E7B-5C39-4687-8484-4A470D9792C6}"
	ProjectSection(ProjectDependencies) = postProject
		{8F2DDB04-AB6D-4B59-90B4-FB0B5CF6BB12} = {8F2DDB04-AB6D-4B59-90B4-FB0B5CF6BB12}
		{5D83A97A-EA26-4C49-92E5-598C38C8C276} = {5D83A97A-EA26-4C49-92E5-598C38C8C276}
		{67F9D3A8-F71E-4428-913F-C37AE82CDB24} = {67F9D3A8-F71E-4428-913F-C37AE82CDB24}
	EndProjectSection
EndProject
Project("{FAE04EC0-301F-11D3-BF4B-00C04F79EFBC}") = "UWPToolkit", "..\UWPToolkit\UWPToolkit.csproj", "{F11D3D58-6B31-4E40-9944-02D1E77DDAF8}"
EndProject
Project("{FAE04EC0-301F-11D3-BF4B-00C04F79EFBC}") = "XamarinToolkit", "..\XamarinToolkit\XamarinToolkit\XamarinToolkit.csproj", "{67F9D3A8-F71E-4428-913F-C37AE82CDB24}"
EndProject
Project("{2150E333-8FDC-42A3-9474-1A3956D46DE8}") = "UWP", "UWP", "{49C64236-046B-4D48-9107-C252A13A0812}"
EndProject
Project("{2150E333-8FDC-42A3-9474-1A3956D46DE8}") = "Xamarin", "Xamarin", "{2175C3E7-050B-476C-BF08-52AF92E64FB0}"
EndProject
Project("{2150E333-8FDC-42A3-9474-1A3956D46DE8}") = "Shared", "Shared", "{4B9079CB-9543-44EC-B7F1-99194EA29FD6}"
EndProject
Project("{FAE04EC0-301F-11D3-BF4B-00C04F79EFBC}") = "SmartSockets", "SmartSockets\SmartSockets.csproj", "{8F2DDB04-AB6D-4B59-90B4-FB0B5CF6BB12}"
EndProject
Project("{FAE04EC0-301F-11D3-BF4B-00C04F79EFBC}") = "Shared", "Shared\Shared.csproj", "{5D83A97A-EA26-4C49-92E5-598C38C8C276}"
EndProject
Global
	GlobalSection(SolutionConfigurationPlatforms) = preSolution
		Ad-Hoc|Any CPU = Ad-Hoc|Any CPU
		Ad-Hoc|ARM = Ad-Hoc|ARM
		Ad-Hoc|iPhone = Ad-Hoc|iPhone
		Ad-Hoc|iPhoneSimulator = Ad-Hoc|iPhoneSimulator
		Ad-Hoc|x64 = Ad-Hoc|x64
		Ad-Hoc|x86 = Ad-Hoc|x86
		AppStore|Any CPU = AppStore|Any CPU
		AppStore|ARM = AppStore|ARM
		AppStore|iPhone = AppStore|iPhone
		AppStore|iPhoneSimulator = AppStore|iPhoneSimulator
		AppStore|x64 = AppStore|x64
		AppStore|x86 = AppStore|x86
		Debug|Any CPU = Debug|Any CPU
		Debug|ARM = Debug|ARM
		Debug|iPhone = Debug|iPhone
		Debug|iPhoneSimulator = Debug|iPhoneSimulator
		Debug|x64 = Debug|x64
		Debug|x86 = Debug|x86
		Release|Any CPU = Release|Any CPU
		Release|ARM = Release|ARM
		Release|iPhone = Release|iPhone
		Release|iPhoneSimulator = Release|iPhoneSimulator
		Release|x64 = Release|x64
		Release|x86 = Release|x86
	EndGlobalSection
	GlobalSection(ProjectConfigurationPlatforms) = postSolution
		{D251806C-9987-478B-80B3-48C00D60AB8F}.Ad-Hoc|Any CPU.ActiveCfg = Release|x64
		{D251806C-9987-478B-80B3-48C00D60AB8F}.Ad-Hoc|Any CPU.Build.0 = Release|x64
		{D251806C-9987-478B-80B3-48C00D60AB8F}.Ad-Hoc|Any CPU.Deploy.0 = Release|x64
		{D251806C-9987-478B-80B3-48C00D60AB8F}.Ad-Hoc|ARM.ActiveCfg = Release|ARM
		{D251806C-9987-478B-80B3-48C00D60AB8F}.Ad-Hoc|ARM.Build.0 = Release|ARM
		{D251806C-9987-478B-80B3-48C00D60AB8F}.Ad-Hoc|ARM.Deploy.0 = Release|ARM
		{D251806C-9987-478B-80B3-48C00D60AB8F}.Ad-Hoc|iPhone.ActiveCfg = Release|x64
		{D251806C-9987-478B-80B3-48C00D60AB8F}.Ad-Hoc|iPhone.Build.0 = Release|x64
		{D251806C-9987-478B-80B3-48C00D60AB8F}.Ad-Hoc|iPhone.Deploy.0 = Release|x64
		{D251806C-9987-478B-80B3-48C00D60AB8F}.Ad-Hoc|iPhoneSimulator.ActiveCfg = Release|x64
		{D251806C-9987-478B-80B3-48C00D60AB8F}.Ad-Hoc|iPhoneSimulator.Build.0 = Release|x64
		{D251806C-9987-478B-80B3-48C00D60AB8F}.Ad-Hoc|iPhoneSimulator.Deploy.0 = Release|x64
		{D251806C-9987-478B-80B3-48C00D60AB8F}.Ad-Hoc|x64.ActiveCfg = Release|x64
		{D251806C-9987-478B-80B3-48C00D60AB8F}.Ad-Hoc|x64.Build.0 = Release|x64
		{D251806C-9987-478B-80B3-48C00D60AB8F}.Ad-Hoc|x64.Deploy.0 = Release|x64
		{D251806C-9987-478B-80B3-48C00D60AB8F}.Ad-Hoc|x86.ActiveCfg = Release|x86
		{D251806C-9987-478B-80B3-48C00D60AB8F}.Ad-Hoc|x86.Build.0 = Release|x86
		{D251806C-9987-478B-80B3-48C00D60AB8F}.Ad-Hoc|x86.Deploy.0 = Release|x86
		{D251806C-9987-478B-80B3-48C00D60AB8F}.AppStore|Any CPU.ActiveCfg = Release|x64
		{D251806C-9987-478B-80B3-48C00D60AB8F}.AppStore|Any CPU.Build.0 = Release|x64
		{D251806C-9987-478B-80B3-48C00D60AB8F}.AppStore|Any CPU.Deploy.0 = Release|x64
		{D251806C-9987-478B-80B3-48C00D60AB8F}.AppStore|ARM.ActiveCfg = Release|ARM
		{D251806C-9987-478B-80B3-48C00D60AB8F}.AppStore|ARM.Build.0 = Release|ARM
		{D251806C-9987-478B-80B3-48C00D60AB8F}.AppStore|ARM.Deploy.0 = Release|ARM
		{D251806C-9987-478B-80B3-48C00D60AB8F}.AppStore|iPhone.ActiveCfg = Release|x64
		{D251806C-9987-478B-80B3-48C00D60AB8F}.AppStore|iPhone.Build.0 = Release|x64
		{D251806C-9987-478B-80B3-48C00D60AB8F}.AppStore|iPhone.Deploy.0 = Release|x64
		{D251806C-9987-478B-80B3-48C00D60AB8F}.AppStore|iPhoneSimulator.ActiveCfg = Release|x64
		{D251806C-9987-478B-80B3-48C00D60AB8F}.AppStore|iPhoneSimulator.Build.0 = Release|x64
		{D251806C-9987-478B-80B3-48C00D60AB8F}.AppStore|iPhoneSimulator.Deploy.0 = Release|x64
		{D251806C-9987-478B-80B3-48C00D60AB8F}.AppStore|x64.ActiveCfg = Release|x64
		{D251806C-9987-478B-80B3-48C00D60AB8F}.AppStore|x64.Build.0 = Release|x64
		{D251806C-9987-478B-80B3-48C00D60AB8F}.AppStore|x64.Deploy.0 = Release|x64
		{D251806C-9987-478B-80B3-48C00D60AB8F}.AppStore|x86.ActiveCfg = Release|x86
		{D251806C-9987-478B-80B3-48C00D60AB8F}.AppStore|x86.Build.0 = Release|x86
		{D251806C-9987-478B-80B3-48C00D60AB8F}.AppStore|x86.Deploy.0 = Release|x86
		{D251806C-9987-478B-80B3-48C00D60AB8F}.Debug|Any CPU.ActiveCfg = Debug|x86
		{D251806C-9987-478B-80B3-48C00D60AB8F}.Debug|ARM.ActiveCfg = Debug|ARM
		{D251806C-9987-478B-80B3-48C00D60AB8F}.Debug|ARM.Build.0 = Debug|ARM
		{D251806C-9987-478B-80B3-48C00D60AB8F}.Debug|ARM.Deploy.0 = Debug|ARM
		{D251806C-9987-478B-80B3-48C00D60AB8F}.Debug|iPhone.ActiveCfg = Debug|x86
		{D251806C-9987-478B-80B3-48C00D60AB8F}.Debug|iPhoneSimulator.ActiveCfg = Debug|x86
		{D251806C-9987-478B-80B3-48C00D60AB8F}.Debug|x64.ActiveCfg = Debug|x64
		{D251806C-9987-478B-80B3-48C00D60AB8F}.Debug|x64.Build.0 = Debug|x64
		{D251806C-9987-478B-80B3-48C00D60AB8F}.Debug|x64.Deploy.0 = Debug|x64
		{D251806C-9987-478B-80B3-48C00D60AB8F}.Debug|x86.ActiveCfg = Debug|x86
		{D251806C-9987-478B-80B3-48C00D60AB8F}.Debug|x86.Build.0 = Debug|x86
		{D251806C-9987-478B-80B3-48C00D60AB8F}.Debug|x86.Deploy.0 = Debug|x86
		{D251806C-9987-478B-80B3-48C00D60AB8F}.Release|Any CPU.ActiveCfg = Release|x86
		{D251806C-9987-478B-80B3-48C00D60AB8F}.Release|ARM.ActiveCfg = Release|ARM
		{D251806C-9987-478B-80B3-48C00D60AB8F}.Release|ARM.Build.0 = Release|ARM
		{D251806C-9987-478B-80B3-48C00D60AB8F}.Release|ARM.Deploy.0 = Release|ARM
		{D251806C-9987-478B-80B3-48C00D60AB8F}.Release|iPhone.ActiveCfg = Release|x86
		{D251806C-9987-478B-80B3-48C00D60AB8F}.Release|iPhoneSimulator.ActiveCfg = Release|x86
		{D251806C-9987-478B-80B3-48C00D60AB8F}.Release|x64.ActiveCfg = Release|x64
		{D251806C-9987-478B-80B3-48C00D60AB8F}.Release|x64.Build.0 = Release|x64
		{D251806C-9987-478B-80B3-48C00D60AB8F}.Release|x64.Deploy.0 = Release|x64
		{D251806C-9987-478B-80B3-48C00D60AB8F}.Release|x86.ActiveCfg = Release|x86
		{D251806C-9987-478B-80B3-48C00D60AB8F}.Release|x86.Build.0 = Release|x86
		{D251806C-9987-478B-80B3-48C00D60AB8F}.Release|x86.Deploy.0 = Release|x86
		{F7E773BC-37A3-4C6A-8DCE-71577C38663B}.Ad-Hoc|Any CPU.ActiveCfg = Release|Any CPU
		{F7E773BC-37A3-4C6A-8DCE-71577C38663B}.Ad-Hoc|Any CPU.Build.0 = Release|Any CPU
		{F7E773BC-37A3-4C6A-8DCE-71577C38663B}.Ad-Hoc|Any CPU.Deploy.0 = Release|Any CPU
		{F7E773BC-37A3-4C6A-8DCE-71577C38663B}.Ad-Hoc|ARM.ActiveCfg = Release|Any CPU
		{F7E773BC-37A3-4C6A-8DCE-71577C38663B}.Ad-Hoc|ARM.Build.0 = Release|Any CPU
		{F7E773BC-37A3-4C6A-8DCE-71577C38663B}.Ad-Hoc|ARM.Deploy.0 = Release|Any CPU
		{F7E773BC-37A3-4C6A-8DCE-71577C38663B}.Ad-Hoc|iPhone.ActiveCfg = Release|Any CPU
		{F7E773BC-37A3-4C6A-8DCE-71577C38663B}.Ad-Hoc|iPhone.Build.0 = Release|Any CPU
		{F7E773BC-37A3-4C6A-8DCE-71577C38663B}.Ad-Hoc|iPhone.Deploy.0 = Release|Any CPU
		{F7E773BC-37A3-4C6A-8DCE-71577C38663B}.Ad-Hoc|iPhoneSimulator.ActiveCfg = Release|Any CPU
		{F7E773BC-37A3-4C6A-8DCE-71577C38663B}.Ad-Hoc|iPhoneSimulator.Build.0 = Release|Any CPU
		{F7E773BC-37A3-4C6A-8DCE-71577C38663B}.Ad-Hoc|iPhoneSimulator.Deploy.0 = Release|Any CPU
		{F7E773BC-37A3-4C6A-8DCE-71577C38663B}.Ad-Hoc|x64.ActiveCfg = Release|Any CPU
		{F7E773BC-37A3-4C6A-8DCE-71577C38663B}.Ad-Hoc|x64.Build.0 = Release|Any CPU
		{F7E773BC-37A3-4C6A-8DCE-71577C38663B}.Ad-Hoc|x64.Deploy.0 = Release|Any CPU
		{F7E773BC-37A3-4C6A-8DCE-71577C38663B}.Ad-Hoc|x86.ActiveCfg = Release|Any CPU
		{F7E773BC-37A3-4C6A-8DCE-71577C38663B}.Ad-Hoc|x86.Build.0 = Release|Any CPU
		{F7E773BC-37A3-4C6A-8DCE-71577C38663B}.Ad-Hoc|x86.Deploy.0 = Release|Any CPU
		{F7E773BC-37A3-4C6A-8DCE-71577C38663B}.AppStore|Any CPU.ActiveCfg = Release|Any CPU
		{F7E773BC-37A3-4C6A-8DCE-71577C38663B}.AppStore|Any CPU.Build.0 = Release|Any CPU
		{F7E773BC-37A3-4C6A-8DCE-71577C38663B}.AppStore|Any CPU.Deploy.0 = Release|Any CPU
		{F7E773BC-37A3-4C6A-8DCE-71577C38663B}.AppStore|ARM.ActiveCfg = Release|Any CPU
		{F7E773BC-37A3-4C6A-8DCE-71577C38663B}.AppStore|ARM.Build.0 = Release|Any CPU
		{F7E773BC-37A3-4C6A-8DCE-71577C38663B}.AppStore|ARM.Deploy.0 = Release|Any CPU
		{F7E773BC-37A3-4C6A-8DCE-71577C38663B}.AppStore|iPhone.ActiveCfg = Release|Any CPU
		{F7E773BC-37A3-4C6A-8DCE-71577C38663B}.AppStore|iPhone.Build.0 = Release|Any CPU
		{F7E773BC-37A3-4C6A-8DCE-71577C38663B}.AppStore|iPhone.Deploy.0 = Release|Any CPU
		{F7E773BC-37A3-4C6A-8DCE-71577C38663B}.AppStore|iPhoneSimulator.ActiveCfg = Release|Any CPU
		{F7E773BC-37A3-4C6A-8DCE-71577C38663B}.AppStore|iPhoneSimulator.Build.0 = Release|Any CPU
		{F7E773BC-37A3-4C6A-8DCE-71577C38663B}.AppStore|iPhoneSimulator.Deploy.0 = Release|Any CPU
		{F7E773BC-37A3-4C6A-8DCE-71577C38663B}.AppStore|x64.ActiveCfg = Release|Any CPU
		{F7E773BC-37A3-4C6A-8DCE-71577C38663B}.AppStore|x64.Build.0 = Release|Any CPU
		{F7E773BC-37A3-4C6A-8DCE-71577C38663B}.AppStore|x64.Deploy.0 = Release|Any CPU
		{F7E773BC-37A3-4C6A-8DCE-71577C38663B}.AppStore|x86.ActiveCfg = Release|Any CPU
		{F7E773BC-37A3-4C6A-8DCE-71577C38663B}.AppStore|x86.Build.0 = Release|Any CPU
		{F7E773BC-37A3-4C6A-8DCE-71577C38663B}.AppStore|x86.Deploy.0 = Release|Any CPU
		{F7E773BC-37A3-4C6A-8DCE-71577C38663B}.Debug|Any CPU.ActiveCfg = Debug|Any CPU
		{F7E773BC-37A3-4C6A-8DCE-71577C38663B}.Debug|Any CPU.Build.0 = Debug|Any CPU
		{F7E773BC-37A3-4C6A-8DCE-71577C38663B}.Debug|Any CPU.Deploy.0 = Debug|Any CPU
		{F7E773BC-37A3-4C6A-8DCE-71577C38663B}.Debug|ARM.ActiveCfg = Debug|Any CPU
		{F7E773BC-37A3-4C6A-8DCE-71577C38663B}.Debug|ARM.Build.0 = Debug|Any CPU
		{F7E773BC-37A3-4C6A-8DCE-71577C38663B}.Debug|ARM.Deploy.0 = Debug|Any CPU
		{F7E773BC-37A3-4C6A-8DCE-71577C38663B}.Debug|iPhone.ActiveCfg = Debug|Any CPU
		{F7E773BC-37A3-4C6A-8DCE-71577C38663B}.Debug|iPhone.Build.0 = Debug|Any CPU
		{F7E773BC-37A3-4C6A-8DCE-71577C38663B}.Debug|iPhone.Deploy.0 = Debug|Any CPU
		{F7E773BC-37A3-4C6A-8DCE-71577C38663B}.Debug|iPhoneSimulator.ActiveCfg = Debug|Any CPU
		{F7E773BC-37A3-4C6A-8DCE-71577C38663B}.Debug|iPhoneSimulator.Build.0 = Debug|Any CPU
		{F7E773BC-37A3-4C6A-8DCE-71577C38663B}.Debug|iPhoneSimulator.Deploy.0 = Debug|Any CPU
		{F7E773BC-37A3-4C6A-8DCE-71577C38663B}.Debug|x64.ActiveCfg = Debug|Any CPU
		{F7E773BC-37A3-4C6A-8DCE-71577C38663B}.Debug|x64.Build.0 = Debug|Any CPU
		{F7E773BC-37A3-4C6A-8DCE-71577C38663B}.Debug|x64.Deploy.0 = Debug|Any CPU
		{F7E773BC-37A3-4C6A-8DCE-71577C38663B}.Debug|x86.ActiveCfg = Debug|Any CPU
		{F7E773BC-37A3-4C6A-8DCE-71577C38663B}.Debug|x86.Build.0 = Debug|Any CPU
		{F7E773BC-37A3-4C6A-8DCE-71577C38663B}.Debug|x86.Deploy.0 = Debug|Any CPU
		{F7E773BC-37A3-4C6A-8DCE-71577C38663B}.Release|Any CPU.ActiveCfg = Release|Any CPU
		{F7E773BC-37A3-4C6A-8DCE-71577C38663B}.Release|Any CPU.Build.0 = Release|Any CPU
		{F7E773BC-37A3-4C6A-8DCE-71577C38663B}.Release|Any CPU.Deploy.0 = Release|Any CPU
		{F7E773BC-37A3-4C6A-8DCE-71577C38663B}.Release|ARM.ActiveCfg = Release|Any CPU
		{F7E773BC-37A3-4C6A-8DCE-71577C38663B}.Release|ARM.Build.0 = Release|Any CPU
		{F7E773BC-37A3-4C6A-8DCE-71577C38663B}.Release|ARM.Deploy.0 = Release|Any CPU
		{F7E773BC-37A3-4C6A-8DCE-71577C38663B}.Release|iPhone.ActiveCfg = Release|Any CPU
		{F7E773BC-37A3-4C6A-8DCE-71577C38663B}.Release|iPhone.Build.0 = Release|Any CPU
		{F7E773BC-37A3-4C6A-8DCE-71577C38663B}.Release|iPhone.Deploy.0 = Release|Any CPU
		{F7E773BC-37A3-4C6A-8DCE-71577C38663B}.Release|iPhoneSimulator.ActiveCfg = Release|Any CPU
		{F7E773BC-37A3-4C6A-8DCE-71577C38663B}.Release|iPhoneSimulator.Build.0 = Release|Any CPU
		{F7E773BC-37A3-4C6A-8DCE-71577C38663B}.Release|iPhoneSimulator.Deploy.0 = Release|Any CPU
		{F7E773BC-37A3-4C6A-8DCE-71577C38663B}.Release|x64.ActiveCfg = Release|Any CPU
		{F7E773BC-37A3-4C6A-8DCE-71577C38663B}.Release|x64.Build.0 = Release|Any CPU
		{F7E773BC-37A3-4C6A-8DCE-71577C38663B}.Release|x64.Deploy.0 = Release|Any CPU
		{F7E773BC-37A3-4C6A-8DCE-71577C38663B}.Release|x86.ActiveCfg = Release|Any CPU
		{F7E773BC-37A3-4C6A-8DCE-71577C38663B}.Release|x86.Build.0 = Release|Any CPU
		{F7E773BC-37A3-4C6A-8DCE-71577C38663B}.Release|x86.Deploy.0 = Release|Any CPU
		{21E6A94D-B8EE-4FF8-A93F-E9DEBE73330B}.Ad-Hoc|Any CPU.ActiveCfg = Ad-Hoc|iPhone
		{21E6A94D-B8EE-4FF8-A93F-E9DEBE73330B}.Ad-Hoc|ARM.ActiveCfg = Ad-Hoc|iPhone
		{21E6A94D-B8EE-4FF8-A93F-E9DEBE73330B}.Ad-Hoc|iPhone.ActiveCfg = Ad-Hoc|iPhone
		{21E6A94D-B8EE-4FF8-A93F-E9DEBE73330B}.Ad-Hoc|iPhone.Build.0 = Ad-Hoc|iPhone
		{21E6A94D-B8EE-4FF8-A93F-E9DEBE73330B}.Ad-Hoc|iPhoneSimulator.ActiveCfg = Ad-Hoc|iPhoneSimulator
		{21E6A94D-B8EE-4FF8-A93F-E9DEBE73330B}.Ad-Hoc|iPhoneSimulator.Build.0 = Ad-Hoc|iPhoneSimulator
		{21E6A94D-B8EE-4FF8-A93F-E9DEBE73330B}.Ad-Hoc|x64.ActiveCfg = Ad-Hoc|iPhone
		{21E6A94D-B8EE-4FF8-A93F-E9DEBE73330B}.Ad-Hoc|x86.ActiveCfg = Ad-Hoc|iPhone
		{21E6A94D-B8EE-4FF8-A93F-E9DEBE73330B}.AppStore|Any CPU.ActiveCfg = AppStore|iPhone
		{21E6A94D-B8EE-4FF8-A93F-E9DEBE73330B}.AppStore|ARM.ActiveCfg = AppStore|iPhone
		{21E6A94D-B8EE-4FF8-A93F-E9DEBE73330B}.AppStore|iPhone.ActiveCfg = AppStore|iPhone
		{21E6A94D-B8EE-4FF8-A93F-E9DEBE73330B}.AppStore|iPhone.Build.0 = AppStore|iPhone
		{21E6A94D-B8EE-4FF8-A93F-E9DEBE73330B}.AppStore|iPhoneSimulator.ActiveCfg = AppStore|iPhoneSimulator
		{21E6A94D-B8EE-4FF8-A93F-E9DEBE73330B}.AppStore|iPhoneSimulator.Build.0 = AppStore|iPhoneSimulator
		{21E6A94D-B8EE-4FF8-A93F-E9DEBE73330B}.AppStore|x64.ActiveCfg = AppStore|iPhone
		{21E6A94D-B8EE-4FF8-A93F-E9DEBE73330B}.AppStore|x86.ActiveCfg = AppStore|iPhone
		{21E6A94D-B8EE-4FF8-A93F-E9DEBE73330B}.Debug|Any CPU.ActiveCfg = Debug|iPhone
		{21E6A94D-B8EE-4FF8-A93F-E9DEBE73330B}.Debug|ARM.ActiveCfg = Debug|iPhone
		{21E6A94D-B8EE-4FF8-A93F-E9DEBE73330B}.Debug|iPhone.ActiveCfg = Debug|iPhone
		{21E6A94D-B8EE-4FF8-A93F-E9DEBE73330B}.Debug|iPhone.Build.0 = Debug|iPhone
		{21E6A94D-B8EE-4FF8-A93F-E9DEBE73330B}.Debug|iPhoneSimulator.ActiveCfg = Debug|iPhoneSimulator
		{21E6A94D-B8EE-4FF8-A93F-E9DEBE73330B}.Debug|iPhoneSimulator.Build.0 = Debug|iPhoneSimulator
		{21E6A94D-B8EE-4FF8-A93F-E9DEBE73330B}.Debug|x64.ActiveCfg = Debug|iPhone
		{21E6A94D-B8EE-4FF8-A93F-E9DEBE73330B}.Debug|x86.ActiveCfg = Debug|iPhone
		{21E6A94D-B8EE-4FF8-A93F-E9DEBE73330B}.Release|Any CPU.ActiveCfg = Release|iPhone
		{21E6A94D-B8EE-4FF8-A93F-E9DEBE73330B}.Release|ARM.ActiveCfg = Release|iPhone
		{21E6A94D-B8EE-4FF8-A93F-E9DEBE73330B}.Release|iPhone.ActiveCfg = Release|iPhone
		{21E6A94D-B8EE-4FF8-A93F-E9DEBE73330B}.Release|iPhone.Build.0 = Release|iPhone
		{21E6A94D-B8EE-4FF8-A93F-E9DEBE73330B}.Release|iPhoneSimulator.ActiveCfg = Release|iPhoneSimulator
		{21E6A94D-B8EE-4FF8-A93F-E9DEBE73330B}.Release|iPhoneSimulator.Build.0 = Release|iPhoneSimulator
		{21E6A94D-B8EE-4FF8-A93F-E9DEBE73330B}.Release|x64.ActiveCfg = Release|iPhone
		{21E6A94D-B8EE-4FF8-A93F-E9DEBE73330B}.Release|x86.ActiveCfg = Release|iPhone
		{4F5CBA06-15EA-4A6A-B8B8-04D2D1093BD7}.Ad-Hoc|Any CPU.ActiveCfg = Release|Any CPU
		{4F5CBA06-15EA-4A6A-B8B8-04D2D1093BD7}.Ad-Hoc|Any CPU.Build.0 = Release|Any CPU
		{4F5CBA06-15EA-4A6A-B8B8-04D2D1093BD7}.Ad-Hoc|Any CPU.Deploy.0 = Release|Any CPU
		{4F5CBA06-15EA-4A6A-B8B8-04D2D1093BD7}.Ad-Hoc|ARM.ActiveCfg = Release|ARM
		{4F5CBA06-15EA-4A6A-B8B8-04D2D1093BD7}.Ad-Hoc|ARM.Build.0 = Release|ARM
		{4F5CBA06-15EA-4A6A-B8B8-04D2D1093BD7}.Ad-Hoc|ARM.Deploy.0 = Release|ARM
		{4F5CBA06-15EA-4A6A-B8B8-04D2D1093BD7}.Ad-Hoc|iPhone.ActiveCfg = Release|Any CPU
		{4F5CBA06-15EA-4A6A-B8B8-04D2D1093BD7}.Ad-Hoc|iPhone.Build.0 = Release|Any CPU
		{4F5CBA06-15EA-4A6A-B8B8-04D2D1093BD7}.Ad-Hoc|iPhone.Deploy.0 = Release|Any CPU
		{4F5CBA06-15EA-4A6A-B8B8-04D2D1093BD7}.Ad-Hoc|iPhoneSimulator.ActiveCfg = Release|Any CPU
		{4F5CBA06-15EA-4A6A-B8B8-04D2D1093BD7}.Ad-Hoc|iPhoneSimulator.Build.0 = Release|Any CPU
		{4F5CBA06-15EA-4A6A-B8B8-04D2D1093BD7}.Ad-Hoc|iPhoneSimulator.Deploy.0 = Release|Any CPU
		{4F5CBA06-15EA-4A6A-B8B8-04D2D1093BD7}.Ad-Hoc|x64.ActiveCfg = Release|Any CPU
		{4F5CBA06-15EA-4A6A-B8B8-04D2D1093BD7}.Ad-Hoc|x64.Build.0 = Release|Any CPU
		{4F5CBA06-15EA-4A6A-B8B8-04D2D1093BD7}.Ad-Hoc|x64.Deploy.0 = Release|Any CPU
		{4F5CBA06-15EA-4A6A-B8B8-04D2D1093BD7}.Ad-Hoc|x86.ActiveCfg = Release|x86
		{4F5CBA06-15EA-4A6A-B8B8-04D2D1093BD7}.Ad-Hoc|x86.Build.0 = Release|x86
		{4F5CBA06-15EA-4A6A-B8B8-04D2D1093BD7}.Ad-Hoc|x86.Deploy.0 = Release|x86
		{4F5CBA06-15EA-4A6A-B8B8-04D2D1093BD7}.AppStore|Any CPU.ActiveCfg = Release|Any CPU
		{4F5CBA06-15EA-4A6A-B8B8-04D2D1093BD7}.AppStore|Any CPU.Build.0 = Release|Any CPU
		{4F5CBA06-15EA-4A6A-B8B8-04D2D1093BD7}.AppStore|Any CPU.Deploy.0 = Release|Any CPU
		{4F5CBA06-15EA-4A6A-B8B8-04D2D1093BD7}.AppStore|ARM.ActiveCfg = Release|ARM
		{4F5CBA06-15EA-4A6A-B8B8-04D2D1093BD7}.AppStore|ARM.Build.0 = Release|ARM
		{4F5CBA06-15EA-4A6A-B8B8-04D2D1093BD7}.AppStore|ARM.Deploy.0 = Release|ARM
		{4F5CBA06-15EA-4A6A-B8B8-04D2D1093BD7}.AppStore|iPhone.ActiveCfg = Release|Any CPU
		{4F5CBA06-15EA-4A6A-B8B8-04D2D1093BD7}.AppStore|iPhone.Build.0 = Release|Any CPU
		{4F5CBA06-15EA-4A6A-B8B8-04D2D1093BD7}.AppStore|iPhone.Deploy.0 = Release|Any CPU
		{4F5CBA06-15EA-4A6A-B8B8-04D2D1093BD7}.AppStore|iPhoneSimulator.ActiveCfg = Release|Any CPU
		{4F5CBA06-15EA-4A6A-B8B8-04D2D1093BD7}.AppStore|iPhoneSimulator.Build.0 = Release|Any CPU
		{4F5CBA06-15EA-4A6A-B8B8-04D2D1093BD7}.AppStore|iPhoneSimulator.Deploy.0 = Release|Any CPU
		{4F5CBA06-15EA-4A6A-B8B8-04D2D1093BD7}.AppStore|x64.ActiveCfg = Release|Any CPU
		{4F5CBA06-15EA-4A6A-B8B8-04D2D1093BD7}.AppStore|x64.Build.0 = Release|Any CPU
		{4F5CBA06-15EA-4A6A-B8B8-04D2D1093BD7}.AppStore|x64.Deploy.0 = Release|Any CPU
		{4F5CBA06-15EA-4A6A-B8B8-04D2D1093BD7}.AppStore|x86.ActiveCfg = Release|x86
		{4F5CBA06-15EA-4A6A-B8B8-04D2D1093BD7}.AppStore|x86.Build.0 = Release|x86
		{4F5CBA06-15EA-4A6A-B8B8-04D2D1093BD7}.AppStore|x86.Deploy.0 = Release|x86
		{4F5CBA06-15EA-4A6A-B8B8-04D2D1093BD7}.Debug|Any CPU.ActiveCfg = Debug|Any CPU
		{4F5CBA06-15EA-4A6A-B8B8-04D2D1093BD7}.Debug|Any CPU.Build.0 = Debug|Any CPU
		{4F5CBA06-15EA-4A6A-B8B8-04D2D1093BD7}.Debug|Any CPU.Deploy.0 = Debug|Any CPU
		{4F5CBA06-15EA-4A6A-B8B8-04D2D1093BD7}.Debug|ARM.ActiveCfg = Debug|ARM
		{4F5CBA06-15EA-4A6A-B8B8-04D2D1093BD7}.Debug|ARM.Build.0 = Debug|ARM
		{4F5CBA06-15EA-4A6A-B8B8-04D2D1093BD7}.Debug|ARM.Deploy.0 = Debug|ARM
		{4F5CBA06-15EA-4A6A-B8B8-04D2D1093BD7}.Debug|iPhone.ActiveCfg = Debug|Any CPU
		{4F5CBA06-15EA-4A6A-B8B8-04D2D1093BD7}.Debug|iPhone.Build.0 = Debug|Any CPU
		{4F5CBA06-15EA-4A6A-B8B8-04D2D1093BD7}.Debug|iPhone.Deploy.0 = Debug|Any CPU
		{4F5CBA06-15EA-4A6A-B8B8-04D2D1093BD7}.Debug|iPhoneSimulator.ActiveCfg = Debug|Any CPU
		{4F5CBA06-15EA-4A6A-B8B8-04D2D1093BD7}.Debug|iPhoneSimulator.Build.0 = Debug|Any CPU
		{4F5CBA06-15EA-4A6A-B8B8-04D2D1093BD7}.Debug|iPhoneSimulator.Deploy.0 = Debug|Any CPU
		{4F5CBA06-15EA-4A6A-B8B8-04D2D1093BD7}.Debug|x64.ActiveCfg = Debug|Any CPU
		{4F5CBA06-15EA-4A6A-B8B8-04D2D1093BD7}.Debug|x64.Build.0 = Debug|Any CPU
		{4F5CBA06-15EA-4A6A-B8B8-04D2D1093BD7}.Debug|x64.Deploy.0 = Debug|Any CPU
		{4F5CBA06-15EA-4A6A-B8B8-04D2D1093BD7}.Debug|x86.ActiveCfg = Debug|x86
		{4F5CBA06-15EA-4A6A-B8B8-04D2D1093BD7}.Debug|x86.Build.0 = Debug|x86
		{4F5CBA06-15EA-4A6A-B8B8-04D2D1093BD7}.Debug|x86.Deploy.0 = Debug|x86
		{4F5CBA06-15EA-4A6A-B8B8-04D2D1093BD7}.Release|Any CPU.ActiveCfg = Release|Any CPU
		{4F5CBA06-15EA-4A6A-B8B8-04D2D1093BD7}.Release|Any CPU.Build.0 = Release|Any CPU
		{4F5CBA06-15EA-4A6A-B8B8-04D2D1093BD7}.Release|Any CPU.Deploy.0 = Release|Any CPU
		{4F5CBA06-15EA-4A6A-B8B8-04D2D1093BD7}.Release|ARM.ActiveCfg = Release|ARM
		{4F5CBA06-15EA-4A6A-B8B8-04D2D1093BD7}.Release|ARM.Build.0 = Release|ARM
		{4F5CBA06-15EA-4A6A-B8B8-04D2D1093BD7}.Release|ARM.Deploy.0 = Release|ARM
		{4F5CBA06-15EA-4A6A-B8B8-04D2D1093BD7}.Release|iPhone.ActiveCfg = Release|Any CPU
		{4F5CBA06-15EA-4A6A-B8B8-04D2D1093BD7}.Release|iPhone.Build.0 = Release|Any CPU
		{4F5CBA06-15EA-4A6A-B8B8-04D2D1093BD7}.Release|iPhone.Deploy.0 = Release|Any CPU
		{4F5CBA06-15EA-4A6A-B8B8-04D2D1093BD7}.Release|iPhoneSimulator.ActiveCfg = Release|Any CPU
		{4F5CBA06-15EA-4A6A-B8B8-04D2D1093BD7}.Release|iPhoneSimulator.Build.0 = Release|Any CPU
		{4F5CBA06-15EA-4A6A-B8B8-04D2D1093BD7}.Release|iPhoneSimulator.Deploy.0 = Release|Any CPU
		{4F5CBA06-15EA-4A6A-B8B8-04D2D1093BD7}.Release|x64.ActiveCfg = Release|Any CPU
		{4F5CBA06-15EA-4A6A-B8B8-04D2D1093BD7}.Release|x64.Build.0 = Release|Any CPU
		{4F5CBA06-15EA-4A6A-B8B8-04D2D1093BD7}.Release|x64.Deploy.0 = Release|Any CPU
		{4F5CBA06-15EA-4A6A-B8B8-04D2D1093BD7}.Release|x86.ActiveCfg = Release|x86
		{4F5CBA06-15EA-4A6A-B8B8-04D2D1093BD7}.Release|x86.Build.0 = Release|x86
		{4F5CBA06-15EA-4A6A-B8B8-04D2D1093BD7}.Release|x86.Deploy.0 = Release|x86
		{9E6784C7-9345-4F4D-97B0-4BCB7FE55784}.Ad-Hoc|Any CPU.ActiveCfg = Release|x86
		{9E6784C7-9345-4F4D-97B0-4BCB7FE55784}.Ad-Hoc|Any CPU.Build.0 = Release|x86
		{9E6784C7-9345-4F4D-97B0-4BCB7FE55784}.Ad-Hoc|Any CPU.Deploy.0 = Release|x86
		{9E6784C7-9345-4F4D-97B0-4BCB7FE55784}.Ad-Hoc|ARM.ActiveCfg = Release|ARM
		{9E6784C7-9345-4F4D-97B0-4BCB7FE55784}.Ad-Hoc|ARM.Build.0 = Release|ARM
		{9E6784C7-9345-4F4D-97B0-4BCB7FE55784}.Ad-Hoc|ARM.Deploy.0 = Release|ARM
		{9E6784C7-9345-4F4D-97B0-4BCB7FE55784}.Ad-Hoc|iPhone.ActiveCfg = Release|x86
		{9E6784C7-9345-4F4D-97B0-4BCB7FE55784}.Ad-Hoc|iPhone.Build.0 = Release|x86
		{9E6784C7-9345-4F4D-97B0-4BCB7FE55784}.Ad-Hoc|iPhone.Deploy.0 = Release|x86
		{9E6784C7-9345-4F4D-97B0-4BCB7FE55784}.Ad-Hoc|iPhoneSimulator.ActiveCfg = Release|x86
		{9E6784C7-9345-4F4D-97B0-4BCB7FE55784}.Ad-Hoc|iPhoneSimulator.Build.0 = Release|x86
		{9E6784C7-9345-4F4D-97B0-4BCB7FE55784}.Ad-Hoc|iPhoneSimulator.Deploy.0 = Release|x86
		{9E6784C7-9345-4F4D-97B0-4BCB7FE55784}.Ad-Hoc|x64.ActiveCfg = Release|x64
		{9E6784C7-9345-4F4D-97B0-4BCB7FE55784}.Ad-Hoc|x64.Build.0 = Release|x64
		{9E6784C7-9345-4F4D-97B0-4BCB7FE55784}.Ad-Hoc|x64.Deploy.0 = Release|x64
		{9E6784C7-9345-4F4D-97B0-4BCB7FE55784}.Ad-Hoc|x86.ActiveCfg = Release|x86
		{9E6784C7-9345-4F4D-97B0-4BCB7FE55784}.Ad-Hoc|x86.Build.0 = Release|x86
		{9E6784C7-9345-4F4D-97B0-4BCB7FE55784}.Ad-Hoc|x86.Deploy.0 = Release|x86
		{9E6784C7-9345-4F4D-97B0-4BCB7FE55784}.AppStore|Any CPU.ActiveCfg = Release|x86
		{9E6784C7-9345-4F4D-97B0-4BCB7FE55784}.AppStore|Any CPU.Build.0 = Release|x86
		{9E6784C7-9345-4F4D-97B0-4BCB7FE55784}.AppStore|Any CPU.Deploy.0 = Release|x86
		{9E6784C7-9345-4F4D-97B0-4BCB7FE55784}.AppStore|ARM.ActiveCfg = Release|ARM
		{9E6784C7-9345-4F4D-97B0-4BCB7FE55784}.AppStore|ARM.Build.0 = Release|ARM
		{9E6784C7-9345-4F4D-97B0-4BCB7FE55784}.AppStore|ARM.Deploy.0 = Release|ARM
		{9E6784C7-9345-4F4D-97B0-4BCB7FE55784}.AppStore|iPhone.ActiveCfg = Release|x86
		{9E6784C7-9345-4F4D-97B0-4BCB7FE55784}.AppStore|iPhone.Build.0 = Release|x86
		{9E6784C7-9345-4F4D-97B0-4BCB7FE55784}.AppStore|iPhone.Deploy.0 = Release|x86
		{9E6784C7-9345-4F4D-97B0-4BCB7FE55784}.AppStore|iPhoneSimulator.ActiveCfg = Release|x86
		{9E6784C7-9345-4F4D-97B0-4BCB7FE55784}.AppStore|iPhoneSimulator.Build.0 = Release|x86
		{9E6784C7-9345-4F4D-97B0-4BCB7FE55784}.AppStore|iPhoneSimulator.Deploy.0 = Release|x86
		{9E6784C7-9345-4F4D-97B0-4BCB7FE55784}.AppStore|x64.ActiveCfg = Release|x64
		{9E6784C7-9345-4F4D-97B0-4BCB7FE55784}.AppStore|x64.Build.0 = Release|x64
		{9E6784C7-9345-4F4D-97B0-4BCB7FE55784}.AppStore|x64.Deploy.0 = Release|x64
		{9E6784C7-9345-4F4D-97B0-4BCB7FE55784}.AppStore|x86.ActiveCfg = Release|x86
		{9E6784C7-9345-4F4D-97B0-4BCB7FE55784}.AppStore|x86.Build.0 = Release|x86
		{9E6784C7-9345-4F4D-97B0-4BCB7FE55784}.AppStore|x86.Deploy.0 = Release|x86
		{9E6784C7-9345-4F4D-97B0-4BCB7FE55784}.Debug|Any CPU.ActiveCfg = Debug|x86
		{9E6784C7-9345-4F4D-97B0-4BCB7FE55784}.Debug|ARM.ActiveCfg = Debug|ARM
		{9E6784C7-9345-4F4D-97B0-4BCB7FE55784}.Debug|ARM.Build.0 = Debug|ARM
		{9E6784C7-9345-4F4D-97B0-4BCB7FE55784}.Debug|ARM.Deploy.0 = Debug|ARM
		{9E6784C7-9345-4F4D-97B0-4BCB7FE55784}.Debug|iPhone.ActiveCfg = Debug|x86
		{9E6784C7-9345-4F4D-97B0-4BCB7FE55784}.Debug|iPhoneSimulator.ActiveCfg = Debug|x86
		{9E6784C7-9345-4F4D-97B0-4BCB7FE55784}.Debug|x64.ActiveCfg = Debug|x64
		{9E6784C7-9345-4F4D-97B0-4BCB7FE55784}.Debug|x64.Build.0 = Debug|x64
		{9E6784C7-9345-4F4D-97B0-4BCB7FE55784}.Debug|x64.Deploy.0 = Debug|x64
		{9E6784C7-9345-4F4D-97B0-4BCB7FE55784}.Debug|x86.ActiveCfg = Debug|x86
		{9E6784C7-9345-4F4D-97B0-4BCB7FE55784}.Debug|x86.Build.0 = Debug|x86
		{9E6784C7-9345-4F4D-97B0-4BCB7FE55784}.Debug|x86.Deploy.0 = Debug|x86
		{9E6784C7-9345-4F4D-97B0-4BCB7FE55784}.Release|Any CPU.ActiveCfg = Release|x86
		{9E6784C7-9345-4F4D-97B0-4BCB7FE55784}.Release|ARM.ActiveCfg = Release|ARM
		{9E6784C7-9345-4F4D-97B0-4BCB7FE55784}.Release|ARM.Build.0 = Release|ARM
		{9E6784C7-9345-4F4D-97B0-4BCB7FE55784}.Release|ARM.Deploy.0 = Release|ARM
		{9E6784C7-9345-4F4D-97B0-4BCB7FE55784}.Release|iPhone.ActiveCfg = Release|x86
		{9E6784C7-9345-4F4D-97B0-4BCB7FE55784}.Release|iPhoneSimulator.ActiveCfg = Release|x86
		{9E6784C7-9345-4F4D-97B0-4BCB7FE55784}.Release|x64.ActiveCfg = Release|x64
		{9E6784C7-9345-4F4D-97B0-4BCB7FE55784}.Release|x64.Build.0 = Release|x64
		{9E6784C7-9345-4F4D-97B0-4BCB7FE55784}.Release|x64.Deploy.0 = Release|x64
		{9E6784C7-9345-4F4D-97B0-4BCB7FE55784}.Release|x86.ActiveCfg = Release|x86
		{9E6784C7-9345-4F4D-97B0-4BCB7FE55784}.Release|x86.Build.0 = Release|x86
		{9E6784C7-9345-4F4D-97B0-4BCB7FE55784}.Release|x86.Deploy.0 = Release|x86
		{0637C44D-CC87-487E-9B57-3D0BFCEDB065}.Ad-Hoc|Any CPU.ActiveCfg = Release|Any CPU
		{0637C44D-CC87-487E-9B57-3D0BFCEDB065}.Ad-Hoc|Any CPU.Build.0 = Release|Any CPU
		{0637C44D-CC87-487E-9B57-3D0BFCEDB065}.Ad-Hoc|Any CPU.Deploy.0 = Release|Any CPU
		{0637C44D-CC87-487E-9B57-3D0BFCEDB065}.Ad-Hoc|ARM.ActiveCfg = Release|ARM
		{0637C44D-CC87-487E-9B57-3D0BFCEDB065}.Ad-Hoc|ARM.Build.0 = Release|ARM
		{0637C44D-CC87-487E-9B57-3D0BFCEDB065}.Ad-Hoc|ARM.Deploy.0 = Release|ARM
		{0637C44D-CC87-487E-9B57-3D0BFCEDB065}.Ad-Hoc|iPhone.ActiveCfg = Release|Any CPU
		{0637C44D-CC87-487E-9B57-3D0BFCEDB065}.Ad-Hoc|iPhone.Build.0 = Release|Any CPU
		{0637C44D-CC87-487E-9B57-3D0BFCEDB065}.Ad-Hoc|iPhone.Deploy.0 = Release|Any CPU
		{0637C44D-CC87-487E-9B57-3D0BFCEDB065}.Ad-Hoc|iPhoneSimulator.ActiveCfg = Release|Any CPU
		{0637C44D-CC87-487E-9B57-3D0BFCEDB065}.Ad-Hoc|iPhoneSimulator.Build.0 = Release|Any CPU
		{0637C44D-CC87-487E-9B57-3D0BFCEDB065}.Ad-Hoc|iPhoneSimulator.Deploy.0 = Release|Any CPU
		{0637C44D-CC87-487E-9B57-3D0BFCEDB065}.Ad-Hoc|x64.ActiveCfg = Release|x64
		{0637C44D-CC87-487E-9B57-3D0BFCEDB065}.Ad-Hoc|x64.Build.0 = Release|x64
		{0637C44D-CC87-487E-9B57-3D0BFCEDB065}.Ad-Hoc|x64.Deploy.0 = Release|x64
		{0637C44D-CC87-487E-9B57-3D0BFCEDB065}.Ad-Hoc|x86.ActiveCfg = Release|x86
		{0637C44D-CC87-487E-9B57-3D0BFCEDB065}.Ad-Hoc|x86.Build.0 = Release|x86
		{0637C44D-CC87-487E-9B57-3D0BFCEDB065}.Ad-Hoc|x86.Deploy.0 = Release|x86
		{0637C44D-CC87-487E-9B57-3D0BFCEDB065}.AppStore|Any CPU.ActiveCfg = Release|Any CPU
		{0637C44D-CC87-487E-9B57-3D0BFCEDB065}.AppStore|Any CPU.Build.0 = Release|Any CPU
		{0637C44D-CC87-487E-9B57-3D0BFCEDB065}.AppStore|Any CPU.Deploy.0 = Release|Any CPU
		{0637C44D-CC87-487E-9B57-3D0BFCEDB065}.AppStore|ARM.ActiveCfg = Release|ARM
		{0637C44D-CC87-487E-9B57-3D0BFCEDB065}.AppStore|ARM.Build.0 = Release|ARM
		{0637C44D-CC87-487E-9B57-3D0BFCEDB065}.AppStore|ARM.Deploy.0 = Release|ARM
		{0637C44D-CC87-487E-9B57-3D0BFCEDB065}.AppStore|iPhone.ActiveCfg = Release|Any CPU
		{0637C44D-CC87-487E-9B57-3D0BFCEDB065}.AppStore|iPhone.Build.0 = Release|Any CPU
		{0637C44D-CC87-487E-9B57-3D0BFCEDB065}.AppStore|iPhone.Deploy.0 = Release|Any CPU
		{0637C44D-CC87-487E-9B57-3D0BFCEDB065}.AppStore|iPhoneSimulator.ActiveCfg = Release|Any CPU
		{0637C44D-CC87-487E-9B57-3D0BFCEDB065}.AppStore|iPhoneSimulator.Build.0 = Release|Any CPU
		{0637C44D-CC87-487E-9B57-3D0BFCEDB065}.AppStore|iPhoneSimulator.Deploy.0 = Release|Any CPU
		{0637C44D-CC87-487E-9B57-3D0BFCEDB065}.AppStore|x64.ActiveCfg = Release|x64
		{0637C44D-CC87-487E-9B57-3D0BFCEDB065}.AppStore|x64.Build.0 = Release|x64
		{0637C44D-CC87-487E-9B57-3D0BFCEDB065}.AppStore|x64.Deploy.0 = Release|x64
		{0637C44D-CC87-487E-9B57-3D0BFCEDB065}.AppStore|x86.ActiveCfg = Release|x86
		{0637C44D-CC87-487E-9B57-3D0BFCEDB065}.AppStore|x86.Build.0 = Release|x86
		{0637C44D-CC87-487E-9B57-3D0BFCEDB065}.AppStore|x86.Deploy.0 = Release|x86
		{0637C44D-CC87-487E-9B57-3D0BFCEDB065}.Debug|Any CPU.ActiveCfg = Debug|Any CPU
		{0637C44D-CC87-487E-9B57-3D0BFCEDB065}.Debug|Any CPU.Build.0 = Debug|Any CPU
		{0637C44D-CC87-487E-9B57-3D0BFCEDB065}.Debug|Any CPU.Deploy.0 = Debug|Any CPU
		{0637C44D-CC87-487E-9B57-3D0BFCEDB065}.Debug|ARM.ActiveCfg = Debug|ARM
		{0637C44D-CC87-487E-9B57-3D0BFCEDB065}.Debug|ARM.Build.0 = Debug|ARM
		{0637C44D-CC87-487E-9B57-3D0BFCEDB065}.Debug|ARM.Deploy.0 = Debug|ARM
		{0637C44D-CC87-487E-9B57-3D0BFCEDB065}.Debug|iPhone.ActiveCfg = Debug|Any CPU
		{0637C44D-CC87-487E-9B57-3D0BFCEDB065}.Debug|iPhone.Build.0 = Debug|Any CPU
		{0637C44D-CC87-487E-9B57-3D0BFCEDB065}.Debug|iPhone.Deploy.0 = Debug|Any CPU
		{0637C44D-CC87-487E-9B57-3D0BFCEDB065}.Debug|iPhoneSimulator.ActiveCfg = Debug|Any CPU
		{0637C44D-CC87-487E-9B57-3D0BFCEDB065}.Debug|iPhoneSimulator.Build.0 = Debug|Any CPU
		{0637C44D-CC87-487E-9B57-3D0BFCEDB065}.Debug|iPhoneSimulator.Deploy.0 = Debug|Any CPU
		{0637C44D-CC87-487E-9B57-3D0BFCEDB065}.Debug|x64.ActiveCfg = Debug|x64
		{0637C44D-CC87-487E-9B57-3D0BFCEDB065}.Debug|x64.Build.0 = Debug|x64
		{0637C44D-CC87-487E-9B57-3D0BFCEDB065}.Debug|x64.Deploy.0 = Debug|x64
		{0637C44D-CC87-487E-9B57-3D0BFCEDB065}.Debug|x86.ActiveCfg = Debug|x86
		{0637C44D-CC87-487E-9B57-3D0BFCEDB065}.Debug|x86.Build.0 = Debug|x86
		{0637C44D-CC87-487E-9B57-3D0BFCEDB065}.Debug|x86.Deploy.0 = Debug|x86
		{0637C44D-CC87-487E-9B57-3D0BFCEDB065}.Release|Any CPU.ActiveCfg = Release|Any CPU
		{0637C44D-CC87-487E-9B57-3D0BFCEDB065}.Release|Any CPU.Build.0 = Release|Any CPU
		{0637C44D-CC87-487E-9B57-3D0BFCEDB065}.Release|Any CPU.Deploy.0 = Release|Any CPU
		{0637C44D-CC87-487E-9B57-3D0BFCEDB065}.Release|ARM.ActiveCfg = Release|ARM
		{0637C44D-CC87-487E-9B57-3D0BFCEDB065}.Release|ARM.Build.0 = Release|ARM
		{0637C44D-CC87-487E-9B57-3D0BFCEDB065}.Release|ARM.Deploy.0 = Release|ARM
		{0637C44D-CC87-487E-9B57-3D0BFCEDB065}.Release|iPhone.ActiveCfg = Release|Any CPU
		{0637C44D-CC87-487E-9B57-3D0BFCEDB065}.Release|iPhone.Build.0 = Release|Any CPU
		{0637C44D-CC87-487E-9B57-3D0BFCEDB065}.Release|iPhone.Deploy.0 = Release|Any CPU
		{0637C44D-CC87-487E-9B57-3D0BFCEDB065}.Release|iPhoneSimulator.ActiveCfg = Release|Any CPU
		{0637C44D-CC87-487E-9B57-3D0BFCEDB065}.Release|iPhoneSimulator.Build.0 = Release|Any CPU
		{0637C44D-CC87-487E-9B57-3D0BFCEDB065}.Release|iPhoneSimulator.Deploy.0 = Release|Any CPU
		{0637C44D-CC87-487E-9B57-3D0BFCEDB065}.Release|x64.ActiveCfg = Release|x64
		{0637C44D-CC87-487E-9B57-3D0BFCEDB065}.Release|x64.Build.0 = Release|x64
		{0637C44D-CC87-487E-9B57-3D0BFCEDB065}.Release|x64.Deploy.0 = Release|x64
		{0637C44D-CC87-487E-9B57-3D0BFCEDB065}.Release|x86.ActiveCfg = Release|x86
		{0637C44D-CC87-487E-9B57-3D0BFCEDB065}.Release|x86.Build.0 = Release|x86
		{0637C44D-CC87-487E-9B57-3D0BFCEDB065}.Release|x86.Deploy.0 = Release|x86
		{FEF21E7B-5C39-4687-8484-4A470D9792C6}.Ad-Hoc|Any CPU.ActiveCfg = Release|Any CPU
		{FEF21E7B-5C39-4687-8484-4A470D9792C6}.Ad-Hoc|Any CPU.Build.0 = Release|Any CPU
		{FEF21E7B-5C39-4687-8484-4A470D9792C6}.Ad-Hoc|ARM.ActiveCfg = Release|Any CPU
		{FEF21E7B-5C39-4687-8484-4A470D9792C6}.Ad-Hoc|ARM.Build.0 = Release|Any CPU
		{FEF21E7B-5C39-4687-8484-4A470D9792C6}.Ad-Hoc|iPhone.ActiveCfg = Release|Any CPU
		{FEF21E7B-5C39-4687-8484-4A470D9792C6}.Ad-Hoc|iPhone.Build.0 = Release|Any CPU
		{FEF21E7B-5C39-4687-8484-4A470D9792C6}.Ad-Hoc|iPhoneSimulator.ActiveCfg = Release|Any CPU
		{FEF21E7B-5C39-4687-8484-4A470D9792C6}.Ad-Hoc|iPhoneSimulator.Build.0 = Release|Any CPU
		{FEF21E7B-5C39-4687-8484-4A470D9792C6}.Ad-Hoc|x64.ActiveCfg = Release|Any CPU
		{FEF21E7B-5C39-4687-8484-4A470D9792C6}.Ad-Hoc|x64.Build.0 = Release|Any CPU
		{FEF21E7B-5C39-4687-8484-4A470D9792C6}.Ad-Hoc|x86.ActiveCfg = Release|Any CPU
		{FEF21E7B-5C39-4687-8484-4A470D9792C6}.Ad-Hoc|x86.Build.0 = Release|Any CPU
		{FEF21E7B-5C39-4687-8484-4A470D9792C6}.AppStore|Any CPU.ActiveCfg = Release|Any CPU
		{FEF21E7B-5C39-4687-8484-4A470D9792C6}.AppStore|Any CPU.Build.0 = Release|Any CPU
		{FEF21E7B-5C39-4687-8484-4A470D9792C6}.AppStore|ARM.ActiveCfg = Release|Any CPU
		{FEF21E7B-5C39-4687-8484-4A470D9792C6}.AppStore|ARM.Build.0 = Release|Any CPU
		{FEF21E7B-5C39-4687-8484-4A470D9792C6}.AppStore|iPhone.ActiveCfg = Release|Any CPU
		{FEF21E7B-5C39-4687-8484-4A470D9792C6}.AppStore|iPhone.Build.0 = Release|Any CPU
		{FEF21E7B-5C39-4687-8484-4A470D9792C6}.AppStore|iPhoneSimulator.ActiveCfg = Release|Any CPU
		{FEF21E7B-5C39-4687-8484-4A470D9792C6}.AppStore|iPhoneSimulator.Build.0 = Release|Any CPU
		{FEF21E7B-5C39-4687-8484-4A470D9792C6}.AppStore|x64.ActiveCfg = Release|Any CPU
		{FEF21E7B-5C39-4687-8484-4A470D9792C6}.AppStore|x64.Build.0 = Release|Any CPU
		{FEF21E7B-5C39-4687-8484-4A470D9792C6}.AppStore|x86.ActiveCfg = Release|Any CPU
		{FEF21E7B-5C39-4687-8484-4A470D9792C6}.AppStore|x86.Build.0 = Release|Any CPU
		{FEF21E7B-5C39-4687-8484-4A470D9792C6}.Debug|Any CPU.ActiveCfg = Debug|Any CPU
		{FEF21E7B-5C39-4687-8484-4A470D9792C6}.Debug|Any CPU.Build.0 = Debug|Any CPU
		{FEF21E7B-5C39-4687-8484-4A470D9792C6}.Debug|ARM.ActiveCfg = Debug|Any CPU
		{FEF21E7B-5C39-4687-8484-4A470D9792C6}.Debug|ARM.Build.0 = Debug|Any CPU
		{FEF21E7B-5C39-4687-8484-4A470D9792C6}.Debug|iPhone.ActiveCfg = Debug|Any CPU
		{FEF21E7B-5C39-4687-8484-4A470D9792C6}.Debug|iPhone.Build.0 = Debug|Any CPU
		{FEF21E7B-5C39-4687-8484-4A470D9792C6}.Debug|iPhoneSimulator.ActiveCfg = Debug|Any CPU
		{FEF21E7B-5C39-4687-8484-4A470D9792C6}.Debug|iPhoneSimulator.Build.0 = Debug|Any CPU
		{FEF21E7B-5C39-4687-8484-4A470D9792C6}.Debug|x64.ActiveCfg = Debug|Any CPU
		{FEF21E7B-5C39-4687-8484-4A470D9792C6}.Debug|x64.Build.0 = Debug|Any CPU
		{FEF21E7B-5C39-4687-8484-4A470D9792C6}.Debug|x86.ActiveCfg = Debug|Any CPU
		{FEF21E7B-5C39-4687-8484-4A470D9792C6}.Debug|x86.Build.0 = Debug|Any CPU
		{FEF21E7B-5C39-4687-8484-4A470D9792C6}.Release|Any CPU.ActiveCfg = Release|Any CPU
		{FEF21E7B-5C39-4687-8484-4A470D9792C6}.Release|Any CPU.Build.0 = Release|Any CPU
		{FEF21E7B-5C39-4687-8484-4A470D9792C6}.Release|ARM.ActiveCfg = Release|Any CPU
		{FEF21E7B-5C39-4687-8484-4A470D9792C6}.Release|ARM.Build.0 = Release|Any CPU
		{FEF21E7B-5C39-4687-8484-4A470D9792C6}.Release|iPhone.ActiveCfg = Release|Any CPU
		{FEF21E7B-5C39-4687-8484-4A470D9792C6}.Release|iPhone.Build.0 = Release|Any CPU
		{FEF21E7B-5C39-4687-8484-4A470D9792C6}.Release|iPhoneSimulator.ActiveCfg = Release|Any CPU
		{FEF21E7B-5C39-4687-8484-4A470D9792C6}.Release|iPhoneSimulator.Build.0 = Release|Any CPU
		{FEF21E7B-5C39-4687-8484-4A470D9792C6}.Release|x64.ActiveCfg = Release|Any CPU
		{FEF21E7B-5C39-4687-8484-4A470D9792C6}.Release|x64.Build.0 = Release|Any CPU
		{FEF21E7B-5C39-4687-8484-4A470D9792C6}.Release|x86.ActiveCfg = Release|Any CPU
		{FEF21E7B-5C39-4687-8484-4A470D9792C6}.Release|x86.Build.0 = Release|Any CPU
		{F11D3D58-6B31-4E40-9944-02D1E77DDAF8}.Ad-Hoc|Any CPU.ActiveCfg = Debug|Any CPU
		{F11D3D58-6B31-4E40-9944-02D1E77DDAF8}.Ad-Hoc|Any CPU.Build.0 = Debug|Any CPU
		{F11D3D58-6B31-4E40-9944-02D1E77DDAF8}.Ad-Hoc|ARM.ActiveCfg = Debug|Any CPU
		{F11D3D58-6B31-4E40-9944-02D1E77DDAF8}.Ad-Hoc|ARM.Build.0 = Debug|Any CPU
		{F11D3D58-6B31-4E40-9944-02D1E77DDAF8}.Ad-Hoc|iPhone.ActiveCfg = Debug|Any CPU
		{F11D3D58-6B31-4E40-9944-02D1E77DDAF8}.Ad-Hoc|iPhone.Build.0 = Debug|Any CPU
		{F11D3D58-6B31-4E40-9944-02D1E77DDAF8}.Ad-Hoc|iPhoneSimulator.ActiveCfg = Debug|Any CPU
		{F11D3D58-6B31-4E40-9944-02D1E77DDAF8}.Ad-Hoc|iPhoneSimulator.Build.0 = Debug|Any CPU
		{F11D3D58-6B31-4E40-9944-02D1E77DDAF8}.Ad-Hoc|x64.ActiveCfg = Debug|Any CPU
		{F11D3D58-6B31-4E40-9944-02D1E77DDAF8}.Ad-Hoc|x64.Build.0 = Debug|Any CPU
		{F11D3D58-6B31-4E40-9944-02D1E77DDAF8}.Ad-Hoc|x86.ActiveCfg = Debug|Any CPU
		{F11D3D58-6B31-4E40-9944-02D1E77DDAF8}.Ad-Hoc|x86.Build.0 = Debug|Any CPU
		{F11D3D58-6B31-4E40-9944-02D1E77DDAF8}.AppStore|Any CPU.ActiveCfg = Debug|Any CPU
		{F11D3D58-6B31-4E40-9944-02D1E77DDAF8}.AppStore|Any CPU.Build.0 = Debug|Any CPU
		{F11D3D58-6B31-4E40-9944-02D1E77DDAF8}.AppStore|ARM.ActiveCfg = Debug|Any CPU
		{F11D3D58-6B31-4E40-9944-02D1E77DDAF8}.AppStore|ARM.Build.0 = Debug|Any CPU
		{F11D3D58-6B31-4E40-9944-02D1E77DDAF8}.AppStore|iPhone.ActiveCfg = Debug|Any CPU
		{F11D3D58-6B31-4E40-9944-02D1E77DDAF8}.AppStore|iPhone.Build.0 = Debug|Any CPU
		{F11D3D58-6B31-4E40-9944-02D1E77DDAF8}.AppStore|iPhoneSimulator.ActiveCfg = Debug|Any CPU
		{F11D3D58-6B31-4E40-9944-02D1E77DDAF8}.AppStore|iPhoneSimulator.Build.0 = Debug|Any CPU
		{F11D3D58-6B31-4E40-9944-02D1E77DDAF8}.AppStore|x64.ActiveCfg = Debug|Any CPU
		{F11D3D58-6B31-4E40-9944-02D1E77DDAF8}.AppStore|x64.Build.0 = Debug|Any CPU
		{F11D3D58-6B31-4E40-9944-02D1E77DDAF8}.AppStore|x86.ActiveCfg = Debug|Any CPU
		{F11D3D58-6B31-4E40-9944-02D1E77DDAF8}.AppStore|x86.Build.0 = Debug|Any CPU
		{F11D3D58-6B31-4E40-9944-02D1E77DDAF8}.Debug|Any CPU.ActiveCfg = Debug|Any CPU
		{F11D3D58-6B31-4E40-9944-02D1E77DDAF8}.Debug|Any CPU.Build.0 = Debug|Any CPU
		{F11D3D58-6B31-4E40-9944-02D1E77DDAF8}.Debug|ARM.ActiveCfg = Debug|Any CPU
		{F11D3D58-6B31-4E40-9944-02D1E77DDAF8}.Debug|ARM.Build.0 = Debug|Any CPU
		{F11D3D58-6B31-4E40-9944-02D1E77DDAF8}.Debug|iPhone.ActiveCfg = Debug|Any CPU
		{F11D3D58-6B31-4E40-9944-02D1E77DDAF8}.Debug|iPhone.Build.0 = Debug|Any CPU
		{F11D3D58-6B31-4E40-9944-02D1E77DDAF8}.Debug|iPhoneSimulator.ActiveCfg = Debug|Any CPU
		{F11D3D58-6B31-4E40-9944-02D1E77DDAF8}.Debug|iPhoneSimulator.Build.0 = Debug|Any CPU
		{F11D3D58-6B31-4E40-9944-02D1E77DDAF8}.Debug|x64.ActiveCfg = Debug|Any CPU
		{F11D3D58-6B31-4E40-9944-02D1E77DDAF8}.Debug|x64.Build.0 = Debug|Any CPU
		{F11D3D58-6B31-4E40-9944-02D1E77DDAF8}.Debug|x86.ActiveCfg = Debug|Any CPU
		{F11D3D58-6B31-4E40-9944-02D1E77DDAF8}.Debug|x86.Build.0 = Debug|Any CPU
		{F11D3D58-6B31-4E40-9944-02D1E77DDAF8}.Release|Any CPU.ActiveCfg = Debug|Any CPU
		{F11D3D58-6B31-4E40-9944-02D1E77DDAF8}.Release|Any CPU.Build.0 = Debug|Any CPU
		{F11D3D58-6B31-4E40-9944-02D1E77DDAF8}.Release|ARM.ActiveCfg = Debug|Any CPU
		{F11D3D58-6B31-4E40-9944-02D1E77DDAF8}.Release|ARM.Build.0 = Debug|Any CPU
		{F11D3D58-6B31-4E40-9944-02D1E77DDAF8}.Release|iPhone.ActiveCfg = Debug|Any CPU
		{F11D3D58-6B31-4E40-9944-02D1E77DDAF8}.Release|iPhone.Build.0 = Debug|Any CPU
		{F11D3D58-6B31-4E40-9944-02D1E77DDAF8}.Release|iPhoneSimulator.ActiveCfg = Debug|Any CPU
		{F11D3D58-6B31-4E40-9944-02D1E77DDAF8}.Release|iPhoneSimulator.Build.0 = Debug|Any CPU
		{F11D3D58-6B31-4E40-9944-02D1E77DDAF8}.Release|x64.ActiveCfg = Debug|Any CPU
		{F11D3D58-6B31-4E40-9944-02D1E77DDAF8}.Release|x64.Build.0 = Debug|Any CPU
		{F11D3D58-6B31-4E40-9944-02D1E77DDAF8}.Release|x86.ActiveCfg = Debug|Any CPU
		{F11D3D58-6B31-4E40-9944-02D1E77DDAF8}.Release|x86.Build.0 = Debug|Any CPU
		{67F9D3A8-F71E-4428-913F-C37AE82CDB24}.Ad-Hoc|Any CPU.ActiveCfg = Release|Any CPU
		{67F9D3A8-F71E-4428-913F-C37AE82CDB24}.Ad-Hoc|Any CPU.Build.0 = Release|Any CPU
		{67F9D3A8-F71E-4428-913F-C37AE82CDB24}.Ad-Hoc|ARM.ActiveCfg = Release|Any CPU
		{67F9D3A8-F71E-4428-913F-C37AE82CDB24}.Ad-Hoc|ARM.Build.0 = Release|Any CPU
		{67F9D3A8-F71E-4428-913F-C37AE82CDB24}.Ad-Hoc|iPhone.ActiveCfg = Release|Any CPU
		{67F9D3A8-F71E-4428-913F-C37AE82CDB24}.Ad-Hoc|iPhone.Build.0 = Release|Any CPU
		{67F9D3A8-F71E-4428-913F-C37AE82CDB24}.Ad-Hoc|iPhoneSimulator.ActiveCfg = Release|Any CPU
		{67F9D3A8-F71E-4428-913F-C37AE82CDB24}.Ad-Hoc|iPhoneSimulator.Build.0 = Release|Any CPU
		{67F9D3A8-F71E-4428-913F-C37AE82CDB24}.Ad-Hoc|x64.ActiveCfg = Release|Any CPU
		{67F9D3A8-F71E-4428-913F-C37AE82CDB24}.Ad-Hoc|x64.Build.0 = Release|Any CPU
		{67F9D3A8-F71E-4428-913F-C37AE82CDB24}.Ad-Hoc|x86.ActiveCfg = Release|Any CPU
		{67F9D3A8-F71E-4428-913F-C37AE82CDB24}.Ad-Hoc|x86.Build.0 = Release|Any CPU
		{67F9D3A8-F71E-4428-913F-C37AE82CDB24}.AppStore|Any CPU.ActiveCfg = Release|Any CPU
		{67F9D3A8-F71E-4428-913F-C37AE82CDB24}.AppStore|Any CPU.Build.0 = Release|Any CPU
		{67F9D3A8-F71E-4428-913F-C37AE82CDB24}.AppStore|ARM.ActiveCfg = Release|Any CPU
		{67F9D3A8-F71E-4428-913F-C37AE82CDB24}.AppStore|ARM.Build.0 = Release|Any CPU
		{67F9D3A8-F71E-4428-913F-C37AE82CDB24}.AppStore|iPhone.ActiveCfg = Release|Any CPU
		{67F9D3A8-F71E-4428-913F-C37AE82CDB24}.AppStore|iPhone.Build.0 = Release|Any CPU
		{67F9D3A8-F71E-4428-913F-C37AE82CDB24}.AppStore|iPhoneSimulator.ActiveCfg = Release|Any CPU
		{67F9D3A8-F71E-4428-913F-C37AE82CDB24}.AppStore|iPhoneSimulator.Build.0 = Release|Any CPU
		{67F9D3A8-F71E-4428-913F-C37AE82CDB24}.AppStore|x64.ActiveCfg = Release|Any CPU
		{67F9D3A8-F71E-4428-913F-C37AE82CDB24}.AppStore|x64.Build.0 = Release|Any CPU
		{67F9D3A8-F71E-4428-913F-C37AE82CDB24}.AppStore|x86.ActiveCfg = Release|Any CPU
		{67F9D3A8-F71E-4428-913F-C37AE82CDB24}.AppStore|x86.Build.0 = Release|Any CPU
		{67F9D3A8-F71E-4428-913F-C37AE82CDB24}.Debug|Any CPU.ActiveCfg = Debug|Any CPU
		{67F9D3A8-F71E-4428-913F-C37AE82CDB24}.Debug|Any CPU.Build.0 = Debug|Any CPU
		{67F9D3A8-F71E-4428-913F-C37AE82CDB24}.Debug|ARM.ActiveCfg = Debug|Any CPU
		{67F9D3A8-F71E-4428-913F-C37AE82CDB24}.Debug|ARM.Build.0 = Debug|Any CPU
		{67F9D3A8-F71E-4428-913F-C37AE82CDB24}.Debug|iPhone.ActiveCfg = Debug|Any CPU
		{67F9D3A8-F71E-4428-913F-C37AE82CDB24}.Debug|iPhone.Build.0 = Debug|Any CPU
		{67F9D3A8-F71E-4428-913F-C37AE82CDB24}.Debug|iPhoneSimulator.ActiveCfg = Debug|Any CPU
		{67F9D3A8-F71E-4428-913F-C37AE82CDB24}.Debug|iPhoneSimulator.Build.0 = Debug|Any CPU
		{67F9D3A8-F71E-4428-913F-C37AE82CDB24}.Debug|x64.ActiveCfg = Debug|Any CPU
		{67F9D3A8-F71E-4428-913F-C37AE82CDB24}.Debug|x64.Build.0 = Debug|Any CPU
		{67F9D3A8-F71E-4428-913F-C37AE82CDB24}.Debug|x86.ActiveCfg = Debug|Any CPU
		{67F9D3A8-F71E-4428-913F-C37AE82CDB24}.Debug|x86.Build.0 = Debug|Any CPU
		{67F9D3A8-F71E-4428-913F-C37AE82CDB24}.Release|Any CPU.ActiveCfg = Release|Any CPU
		{67F9D3A8-F71E-4428-913F-C37AE82CDB24}.Release|Any CPU.Build.0 = Release|Any CPU
		{67F9D3A8-F71E-4428-913F-C37AE82CDB24}.Release|ARM.ActiveCfg = Release|Any CPU
		{67F9D3A8-F71E-4428-913F-C37AE82CDB24}.Release|ARM.Build.0 = Release|Any CPU
		{67F9D3A8-F71E-4428-913F-C37AE82CDB24}.Release|iPhone.ActiveCfg = Release|Any CPU
		{67F9D3A8-F71E-4428-913F-C37AE82CDB24}.Release|iPhone.Build.0 = Release|Any CPU
		{67F9D3A8-F71E-4428-913F-C37AE82CDB24}.Release|iPhoneSimulator.ActiveCfg = Release|Any CPU
		{67F9D3A8-F71E-4428-913F-C37AE82CDB24}.Release|iPhoneSimulator.Build.0 = Release|Any CPU
		{67F9D3A8-F71E-4428-913F-C37AE82CDB24}.Release|x64.ActiveCfg = Release|Any CPU
		{67F9D3A8-F71E-4428-913F-C37AE82CDB24}.Release|x64.Build.0 = Release|Any CPU
		{67F9D3A8-F71E-4428-913F-C37AE82CDB24}.Release|x86.ActiveCfg = Release|Any CPU
		{67F9D3A8-F71E-4428-913F-C37AE82CDB24}.Release|x86.Build.0 = Release|Any CPU
		{8F2DDB04-AB6D-4B59-90B4-FB0B5CF6BB12}.Ad-Hoc|Any CPU.ActiveCfg = Release|Any CPU
		{8F2DDB04-AB6D-4B59-90B4-FB0B5CF6BB12}.Ad-Hoc|Any CPU.Build.0 = Release|Any CPU
		{8F2DDB04-AB6D-4B59-90B4-FB0B5CF6BB12}.Ad-Hoc|ARM.ActiveCfg = Release|Any CPU
		{8F2DDB04-AB6D-4B59-90B4-FB0B5CF6BB12}.Ad-Hoc|ARM.Build.0 = Release|Any CPU
		{8F2DDB04-AB6D-4B59-90B4-FB0B5CF6BB12}.Ad-Hoc|iPhone.ActiveCfg = Release|Any CPU
		{8F2DDB04-AB6D-4B59-90B4-FB0B5CF6BB12}.Ad-Hoc|iPhone.Build.0 = Release|Any CPU
		{8F2DDB04-AB6D-4B59-90B4-FB0B5CF6BB12}.Ad-Hoc|iPhoneSimulator.ActiveCfg = Release|Any CPU
		{8F2DDB04-AB6D-4B59-90B4-FB0B5CF6BB12}.Ad-Hoc|iPhoneSimulator.Build.0 = Release|Any CPU
		{8F2DDB04-AB6D-4B59-90B4-FB0B5CF6BB12}.Ad-Hoc|x64.ActiveCfg = Release|Any CPU
		{8F2DDB04-AB6D-4B59-90B4-FB0B5CF6BB12}.Ad-Hoc|x64.Build.0 = Release|Any CPU
		{8F2DDB04-AB6D-4B59-90B4-FB0B5CF6BB12}.Ad-Hoc|x86.ActiveCfg = Release|Any CPU
		{8F2DDB04-AB6D-4B59-90B4-FB0B5CF6BB12}.Ad-Hoc|x86.Build.0 = Release|Any CPU
		{8F2DDB04-AB6D-4B59-90B4-FB0B5CF6BB12}.AppStore|Any CPU.ActiveCfg = Release|Any CPU
		{8F2DDB04-AB6D-4B59-90B4-FB0B5CF6BB12}.AppStore|Any CPU.Build.0 = Release|Any CPU
		{8F2DDB04-AB6D-4B59-90B4-FB0B5CF6BB12}.AppStore|ARM.ActiveCfg = Release|Any CPU
		{8F2DDB04-AB6D-4B59-90B4-FB0B5CF6BB12}.AppStore|ARM.Build.0 = Release|Any CPU
		{8F2DDB04-AB6D-4B59-90B4-FB0B5CF6BB12}.AppStore|iPhone.ActiveCfg = Release|Any CPU
		{8F2DDB04-AB6D-4B59-90B4-FB0B5CF6BB12}.AppStore|iPhone.Build.0 = Release|Any CPU
		{8F2DDB04-AB6D-4B59-90B4-FB0B5CF6BB12}.AppStore|iPhoneSimulator.ActiveCfg = Release|Any CPU
		{8F2DDB04-AB6D-4B59-90B4-FB0B5CF6BB12}.AppStore|iPhoneSimulator.Build.0 = Release|Any CPU
		{8F2DDB04-AB6D-4B59-90B4-FB0B5CF6BB12}.AppStore|x64.ActiveCfg = Release|Any CPU
		{8F2DDB04-AB6D-4B59-90B4-FB0B5CF6BB12}.AppStore|x64.Build.0 = Release|Any CPU
		{8F2DDB04-AB6D-4B59-90B4-FB0B5CF6BB12}.AppStore|x86.ActiveCfg = Release|Any CPU
		{8F2DDB04-AB6D-4B59-90B4-FB0B5CF6BB12}.AppStore|x86.Build.0 = Release|Any CPU
		{8F2DDB04-AB6D-4B59-90B4-FB0B5CF6BB12}.Debug|Any CPU.ActiveCfg = Debug|Any CPU
		{8F2DDB04-AB6D-4B59-90B4-FB0B5CF6BB12}.Debug|Any CPU.Build.0 = Debug|Any CPU
		{8F2DDB04-AB6D-4B59-90B4-FB0B5CF6BB12}.Debug|ARM.ActiveCfg = Debug|Any CPU
		{8F2DDB04-AB6D-4B59-90B4-FB0B5CF6BB12}.Debug|ARM.Build.0 = Debug|Any CPU
		{8F2DDB04-AB6D-4B59-90B4-FB0B5CF6BB12}.Debug|iPhone.ActiveCfg = Debug|Any CPU
		{8F2DDB04-AB6D-4B59-90B4-FB0B5CF6BB12}.Debug|iPhone.Build.0 = Debug|Any CPU
		{8F2DDB04-AB6D-4B59-90B4-FB0B5CF6BB12}.Debug|iPhoneSimulator.ActiveCfg = Debug|Any CPU
		{8F2DDB04-AB6D-4B59-90B4-FB0B5CF6BB12}.Debug|iPhoneSimulator.Build.0 = Debug|Any CPU
		{8F2DDB04-AB6D-4B59-90B4-FB0B5CF6BB12}.Debug|x64.ActiveCfg = Debug|Any CPU
		{8F2DDB04-AB6D-4B59-90B4-FB0B5CF6BB12}.Debug|x64.Build.0 = Debug|Any CPU
		{8F2DDB04-AB6D-4B59-90B4-FB0B5CF6BB12}.Debug|x86.ActiveCfg = Debug|Any CPU
		{8F2DDB04-AB6D-4B59-90B4-FB0B5CF6BB12}.Debug|x86.Build.0 = Debug|Any CPU
		{8F2DDB04-AB6D-4B59-90B4-FB0B5CF6BB12}.Release|Any CPU.ActiveCfg = Release|Any CPU
		{8F2DDB04-AB6D-4B59-90B4-FB0B5CF6BB12}.Release|Any CPU.Build.0 = Release|Any CPU
		{8F2DDB04-AB6D-4B59-90B4-FB0B5CF6BB12}.Release|ARM.ActiveCfg = Release|Any CPU
		{8F2DDB04-AB6D-4B59-90B4-FB0B5CF6BB12}.Release|ARM.Build.0 = Release|Any CPU
		{8F2DDB04-AB6D-4B59-90B4-FB0B5CF6BB12}.Release|iPhone.ActiveCfg = Release|Any CPU
		{8F2DDB04-AB6D-4B59-90B4-FB0B5CF6BB12}.Release|iPhone.Build.0 = Release|Any CPU
		{8F2DDB04-AB6D-4B59-90B4-FB0B5CF6BB12}.Release|iPhoneSimulator.ActiveCfg = Release|Any CPU
		{8F2DDB04-AB6D-4B59-90B4-FB0B5CF6BB12}.Release|iPhoneSimulator.Build.0 = Release|Any CPU
		{8F2DDB04-AB6D-4B59-90B4-FB0B5CF6BB12}.Release|x64.ActiveCfg = Release|Any CPU
		{8F2DDB04-AB6D-4B59-90B4-FB0B5CF6BB12}.Release|x64.Build.0 = Release|Any CPU
		{8F2DDB04-AB6D-4B59-90B4-FB0B5CF6BB12}.Release|x86.ActiveCfg = Release|Any CPU
		{8F2DDB04-AB6D-4B59-90B4-FB0B5CF6BB12}.Release|x86.Build.0 = Release|Any CPU
		{5D83A97A-EA26-4C49-92E5-598C38C8C276}.Ad-Hoc|Any CPU.ActiveCfg = Release|Any CPU
		{5D83A97A-EA26-4C49-92E5-598C38C8C276}.Ad-Hoc|Any CPU.Build.0 = Release|Any CPU
		{5D83A97A-EA26-4C49-92E5-598C38C8C276}.Ad-Hoc|ARM.ActiveCfg = Release|Any CPU
		{5D83A97A-EA26-4C49-92E5-598C38C8C276}.Ad-Hoc|ARM.Build.0 = Release|Any CPU
		{5D83A97A-EA26-4C49-92E5-598C38C8C276}.Ad-Hoc|iPhone.ActiveCfg = Release|Any CPU
		{5D83A97A-EA26-4C49-92E5-598C38C8C276}.Ad-Hoc|iPhone.Build.0 = Release|Any CPU
		{5D83A97A-EA26-4C49-92E5-598C38C8C276}.Ad-Hoc|iPhoneSimulator.ActiveCfg = Release|Any CPU
		{5D83A97A-EA26-4C49-92E5-598C38C8C276}.Ad-Hoc|iPhoneSimulator.Build.0 = Release|Any CPU
		{5D83A97A-EA26-4C49-92E5-598C38C8C276}.Ad-Hoc|x64.ActiveCfg = Release|Any CPU
		{5D83A97A-EA26-4C49-92E5-598C38C8C276}.Ad-Hoc|x64.Build.0 = Release|Any CPU
		{5D83A97A-EA26-4C49-92E5-598C38C8C276}.Ad-Hoc|x86.ActiveCfg = Release|Any CPU
		{5D83A97A-EA26-4C49-92E5-598C38C8C276}.Ad-Hoc|x86.Build.0 = Release|Any CPU
		{5D83A97A-EA26-4C49-92E5-598C38C8C276}.AppStore|Any CPU.ActiveCfg = Release|Any CPU
		{5D83A97A-EA26-4C49-92E5-598C38C8C276}.AppStore|Any CPU.Build.0 = Release|Any CPU
		{5D83A97A-EA26-4C49-92E5-598C38C8C276}.AppStore|ARM.ActiveCfg = Release|Any CPU
		{5D83A97A-EA26-4C49-92E5-598C38C8C276}.AppStore|ARM.Build.0 = Release|Any CPU
		{5D83A97A-EA26-4C49-92E5-598C38C8C276}.AppStore|iPhone.ActiveCfg = Release|Any CPU
		{5D83A97A-EA26-4C49-92E5-598C38C8C276}.AppStore|iPhone.Build.0 = Release|Any CPU
		{5D83A97A-EA26-4C49-92E5-598C38C8C276}.AppStore|iPhoneSimulator.ActiveCfg = Release|Any CPU
		{5D83A97A-EA26-4C49-92E5-598C38C8C276}.AppStore|iPhoneSimulator.Build.0 = Release|Any CPU
		{5D83A97A-EA26-4C49-92E5-598C38C8C276}.AppStore|x64.ActiveCfg = Release|Any CPU
		{5D83A97A-EA26-4C49-92E5-598C38C8C276}.AppStore|x64.Build.0 = Release|Any CPU
		{5D83A97A-EA26-4C49-92E5-598C38C8C276}.AppStore|x86.ActiveCfg = Release|Any CPU
		{5D83A97A-EA26-4C49-92E5-598C38C8C276}.AppStore|x86.Build.0 = Release|Any CPU
		{5D83A97A-EA26-4C49-92E5-598C38C8C276}.Debug|Any CPU.ActiveCfg = Debug|Any CPU
		{5D83A97A-EA26-4C49-92E5-598C38C8C276}.Debug|Any CPU.Build.0 = Debug|Any CPU
		{5D83A97A-EA26-4C49-92E5-598C38C8C276}.Debug|ARM.ActiveCfg = Debug|Any CPU
		{5D83A97A-EA26-4C49-92E5-598C38C8C276}.Debug|ARM.Build.0 = Debug|Any CPU
		{5D83A97A-EA26-4C49-92E5-598C38C8C276}.Debug|iPhone.ActiveCfg = Debug|Any CPU
		{5D83A97A-EA26-4C49-92E5-598C38C8C276}.Debug|iPhone.Build.0 = Debug|Any CPU
		{5D83A97A-EA26-4C49-92E5-598C38C8C276}.Debug|iPhoneSimulator.ActiveCfg = Debug|Any CPU
		{5D83A97A-EA26-4C49-92E5-598C38C8C276}.Debug|iPhoneSimulator.Build.0 = Debug|Any CPU
		{5D83A97A-EA26-4C49-92E5-598C38C8C276}.Debug|x64.ActiveCfg = Debug|Any CPU
		{5D83A97A-EA26-4C49-92E5-598C38C8C276}.Debug|x64.Build.0 = Debug|Any CPU
		{5D83A97A-EA26-4C49-92E5-598C38C8C276}.Debug|x86.ActiveCfg = Debug|Any CPU
		{5D83A97A-EA26-4C49-92E5-598C38C8C276}.Debug|x86.Build.0 = Debug|Any CPU
		{5D83A97A-EA26-4C49-92E5-598C38C8C276}.Release|Any CPU.ActiveCfg = Release|Any CPU
		{5D83A97A-EA26-4C49-92E5-598C38C8C276}.Release|Any CPU.Build.0 = Release|Any CPU
		{5D83A97A-EA26-4C49-92E5-598C38C8C276}.Release|ARM.ActiveCfg = Release|Any CPU
		{5D83A97A-EA26-4C49-92E5-598C38C8C276}.Release|ARM.Build.0 = Release|Any CPU
		{5D83A97A-EA26-4C49-92E5-598C38C8C276}.Release|iPhone.ActiveCfg = Release|Any CPU
		{5D83A97A-EA26-4C49-92E5-598C38C8C276}.Release|iPhone.Build.0 = Release|Any CPU
		{5D83A97A-EA26-4C49-92E5-598C38C8C276}.Release|iPhoneSimulator.ActiveCfg = Release|Any CPU
		{5D83A97A-EA26-4C49-92E5-598C38C8C276}.Release|iPhoneSimulator.Build.0 = Release|Any CPU
		{5D83A97A-EA26-4C49-92E5-598C38C8C276}.Release|x64.ActiveCfg = Release|Any CPU
		{5D83A97A-EA26-4C49-92E5-598C38C8C276}.Release|x64.Build.0 = Release|Any CPU
		{5D83A97A-EA26-4C49-92E5-598C38C8C276}.Release|x86.ActiveCfg = Release|Any CPU
		{5D83A97A-EA26-4C49-92E5-598C38C8C276}.Release|x86.Build.0 = Release|Any CPU
	EndGlobalSection
	GlobalSection(SolutionProperties) = preSolution
		HideSolutionNode = FALSE
	EndGlobalSection
	GlobalSection(NestedProjects) = preSolution
		{D251806C-9987-478B-80B3-48C00D60AB8F} = {49C64236-046B-4D48-9107-C252A13A0812}
		{F7E773BC-37A3-4C6A-8DCE-71577C38663B} = {2175C3E7-050B-476C-BF08-52AF92E64FB0}
		{21E6A94D-B8EE-4FF8-A93F-E9DEBE73330B} = {2175C3E7-050B-476C-BF08-52AF92E64FB0}
		{4F5CBA06-15EA-4A6A-B8B8-04D2D1093BD7} = {2175C3E7-050B-476C-BF08-52AF92E64FB0}
		{9E6784C7-9345-4F4D-97B0-4BCB7FE55784} = {2175C3E7-050B-476C-BF08-52AF92E64FB0}
		{0637C44D-CC87-487E-9B57-3D0BFCEDB065} = {2175C3E7-050B-476C-BF08-52AF92E64FB0}
		{FEF21E7B-5C39-4687-8484-4A470D9792C6} = {2175C3E7-050B-476C-BF08-52AF92E64FB0}
		{F11D3D58-6B31-4E40-9944-02D1E77DDAF8} = {49C64236-046B-4D48-9107-C252A13A0812}
		{67F9D3A8-F71E-4428-913F-C37AE82CDB24} = {2175C3E7-050B-476C-BF08-52AF92E64FB0}
		{8F2DDB04-AB6D-4B59-90B4-FB0B5CF6BB12} = {4B9079CB-9543-44EC-B7F1-99194EA29FD6}
		{5D83A97A-EA26-4C49-92E5-598C38C8C276} = {4B9079CB-9543-44EC-B7F1-99194EA29FD6}
	EndGlobalSection
EndGlobal
